// !$*UTF8*$!
{
	archiveVersion = 1;
	classes = {
	};
	objectVersion = 50;
	objects = {

/* Begin PBXBuildFile section */
		EF4943162169D638000FC378 /* AppDelegate.m in Sources */ = {isa = PBXBuildFile; fileRef = EF4943152169D638000FC378 /* AppDelegate.m */; };
		EF4943192169D638000FC378 /* ViewController.m in Sources */ = {isa = PBXBuildFile; fileRef = EF4943182169D638000FC378 /* ViewController.m */; };
		EF49431C2169D638000FC378 /* Main.storyboard in Resources */ = {isa = PBXBuildFile; fileRef = EF49431A2169D638000FC378 /* Main.storyboard */; };
		EF49431E2169D639000FC378 /* Assets.xcassets in Resources */ = {isa = PBXBuildFile; fileRef = EF49431D2169D639000FC378 /* Assets.xcassets */; };
		EF4943212169D639000FC378 /* LaunchScreen.storyboard in Resources */ = {isa = PBXBuildFile; fileRef = EF49431F2169D639000FC378 /* LaunchScreen.storyboard */; };
		EF4943242169D639000FC378 /* main.m in Sources */ = {isa = PBXBuildFile; fileRef = EF4943232169D639000FC378 /* main.m */; };
/* End PBXBuildFile section */

/* Begin PBXFileReference section */
		EF4943112169D638000FC378 /* iOSRecorderWithVUMeter.app */ = {isa = PBXFileReference; explicitFileType = wrapper.application; includeInIndex = 0; path = iOSRecorderWithVUMeter.app; sourceTree = BUILT_PRODUCTS_DIR; };
		EF4943142169D638000FC378 /* AppDelegate.h */ = {isa = PBXFileReference; lastKnownFileType = sourcecode.c.h; path = AppDelegate.h; sourceTree = "<group>"; };
		EF4943152169D638000FC378 /* AppDelegate.m */ = {isa = PBXFileReference; lastKnownFileType = sourcecode.c.objc; path = AppDelegate.m; sourceTree = "<group>"; };
		EF4943172169D638000FC378 /* ViewController.h */ = {isa = PBXFileReference; lastKnownFileType = sourcecode.c.h; path = ViewController.h; sourceTree = "<group>"; };
		EF4943182169D638000FC378 /* ViewController.m */ = {isa = PBXFileReference; lastKnownFileType = sourcecode.c.objc; path = ViewController.m; sourceTree = "<group>"; };
		EF49431B2169D638000FC378 /* Base */ = {isa = PBXFileReference; lastKnownFileType = file.storyboard; name = Base; path = Base.lproj/Main.storyboard; sourceTree = "<group>"; };
		EF49431D2169D639000FC378 /* Assets.xcassets */ = {isa = PBXFileReference; lastKnownFileType = folder.assetcatalog; path = Assets.xcassets; sourceTree = "<group>"; };
		EF4943202169D639000FC378 /* Base */ = {isa = PBXFileReference; lastKnownFileType = file.storyboard; name = Base; path = Base.lproj/LaunchScreen.storyboard; sourceTree = "<group>"; };
		EF4943222169D639000FC378 /* Info.plist */ = {isa = PBXFileReference; lastKnownFileType = text.plist.xml; path = Info.plist; sourceTree = "<group>"; };
		EF4943232169D639000FC378 /* main.m */ = {isa = PBXFileReference; lastKnownFileType = sourcecode.c.objc; path = main.m; sourceTree = "<group>"; };
/* End PBXFileReference section */

/* Begin PBXFrameworksBuildPhase section */
		EF49430E2169D638000FC378 /* Frameworks */ = {
			isa = PBXFrameworksBuildPhase;
			buildActionMask = 2147483647;
			files = (
			);
			runOnlyForDeploymentPostprocessing = 0;
		};
/* End PBXFrameworksBuildPhase section */

/* Begin PBXGroup section */
		EF4943082169D638000FC378 = {
			isa = PBXGroup;
			children = (
				EF4943132169D638000FC378 /* iOSRecorderWithVUMeter */,
				EF4943122169D638000FC378 /* Products */,
			);
			sourceTree = "<group>";
		};
		EF4943122169D638000FC378 /* Products */ = {
			isa = PBXGroup;
			children = (
				EF4943112169D638000FC378 /* iOSRecorderWithVUMeter.app */,
			);
			name = Products;
			sourceTree = "<group>";
		};
		EF4943132169D638000FC378 /* iOSRecorderWithVUMeter */ = {
			isa = PBXGroup;
			children = (
				EF4943142169D638000FC378 /* AppDelegate.h */,
				EF4943152169D638000FC378 /* AppDelegate.m */,
				EF4943172169D638000FC378 /* ViewController.h */,
				EF4943182169D638000FC378 /* ViewController.m */,
				EF49431A2169D638000FC378 /* Main.storyboard */,
				EF49431D2169D639000FC378 /* Assets.xcassets */,
				EF49431F2169D639000FC378 /* LaunchScreen.storyboard */,
				EF4943222169D639000FC378 /* Info.plist */,
				EF4943232169D639000FC378 /* main.m */,
			);
			path = iOSRecorderWithVUMeter;
			sourceTree = "<group>";
		};
/* End PBXGroup section */

/* Begin PBXNativeTarget section */
		EF4943102169D638000FC378 /* iOSRecorderWithVUMeter */ = {
			isa = PBXNativeTarget;
			buildConfigurationList = EF4943272169D639000FC378 /* Build configuration list for PBXNativeTarget "iOSRecorderWithVUMeter" */;
			buildPhases = (
				EF49430D2169D638000FC378 /* Sources */,
				EF49430E2169D638000FC378 /* Frameworks */,
				EF49430F2169D638000FC378 /* Resources */,
			);
			buildRules = (
			);
			dependencies = (
			);
			name = iOSRecorderWithVUMeter;
			productName = iOSRecorderWithVUMeter;
			productReference = EF4943112169D638000FC378 /* iOSRecorderWithVUMeter.app */;
			productType = "com.apple.product-type.application";
		};
/* End PBXNativeTarget section */

/* Begin PBXProject section */
		EF4943092169D638000FC378 /* Project object */ = {
			isa = PBXProject;
			attributes = {
				LastUpgradeCheck = 1000;
				ORGANIZATIONNAME = "Shoichiro Yamanishi";
				TargetAttributes = {
					EF4943102169D638000FC378 = {
						CreatedOnToolsVersion = 10.0;
					};
				};
			};
			buildConfigurationList = EF49430C2169D638000FC378 /* Build configuration list for PBXProject "iOSRecorderWithVUMeter" */;
			compatibilityVersion = "Xcode 9.3";
			developmentRegion = en;
			hasScannedForEncodings = 0;
			knownRegions = (
				en,
				Base,
			);
			mainGroup = EF4943082169D638000FC378;
			productRefGroup = EF4943122169D638000FC378 /* Products */;
			projectDirPath = "";
			projectRoot = "";
			targets = (
				EF4943102169D638000FC378 /* iOSRecorderWithVUMeter */,
			);
		};
/* End PBXProject section */

/* Begin PBXResourcesBuildPhase section */
		EF49430F2169D638000FC378 /* Resources */ = {
			isa = PBXResourcesBuildPhase;
			buildActionMask = 2147483647;
			files = (
				EF4943212169D639000FC378 /* LaunchScreen.storyboard in Resources */,
				EF49431E2169D639000FC378 /* Assets.xcassets in Resources */,
				EF49431C2169D638000FC378 /* Main.storyboard in Resources */,
			);
			runOnlyForDeploymentPostprocessing = 0;
		};
/* End PBXResourcesBuildPhase section */

/* Begin PBXSourcesBuildPhase section */
		EF49430D2169D638000FC378 /* Sources */ = {
			isa = PBXSourcesBuildPhase;
			buildActionMask = 2147483647;
			files = (
				EF4943192169D638000FC378 /* ViewController.m in Sources */,
				EF4943242169D639000FC378 /* main.m in Sources */,
				EF4943162169D638000FC378 /* AppDelegate.m in Sources */,
			);
			runOnlyForDeploymentPostprocessing = 0;
		};
/* End PBXSourcesBuildPhase section */

/* Begin PBXVariantGroup section */
		EF49431A2169D638000FC378 /* Main.storyboard */ = {
			isa = PBXVariantGroup;
			children = (
				EF49431B2169D638000FC378 /* Base */,
			);
			name = Main.storyboard;
			sourceTree = "<group>";
		};
		EF49431F2169D639000FC378 /* LaunchScreen.storyboard */ = {
			isa = PBXVariantGroup;
			children = (
				EF4943202169D639000FC378 /* Base */,
			);
			name = LaunchScreen.storyboard;
			sourceTree = "<group>";
		};
/* End PBXVariantGroup section */

/* Begin XCBuildConfiguration section */
		EF4943252169D639000FC378 /* Debug */ = {
			isa = XCBuildConfiguration;
			buildSettings = {
				ALWAYS_SEARCH_USER_PATHS = NO;
				CLANG_ANALYZER_NONNULL = YES;
				CLANG_ANALYZER_NUMBER_OBJECT_CONVERSION = YES_AGGRESSIVE;
				CLANG_CXX_LANGUAGE_STANDARD = "gnu++14";
				CLANG_CXX_LIBRARY = "libc++";
				CLANG_ENABLE_MODULES = YES;
				CLANG_ENABLE_OBJC_ARC = YES;
				CLANG_ENABLE_OBJC_WEAK = YES;
				CLANG_WARN_BLOCK_CAPTURE_AUTORELEASING = YES;
				CLANG_WARN_BOOL_CONVERSION = YES;
				CLANG_WARN_COMMA = YES;
				CLANG_WARN_CONSTANT_CONVERSION = YES;
				CLANG_WARN_DEPRECATED_OBJC_IMPLEMENTATIONS = YES;
				CLANG_WARN_DIRECT_OBJC_ISA_USAGE = YES_ERROR;
				CLANG_WARN_DOCUMENTATION_COMMENTS = YES;
				CLANG_WARN_EMPTY_BODY = YES;
				CLANG_WARN_ENUM_CONVERSION = YES;
				CLANG_WARN_INFINITE_RECURSION = YES;
				CLANG_WARN_INT_CONVERSION = YES;
				CLANG_WARN_NON_LITERAL_NULL_CONVERSION = YES;
				CLANG_WARN_OBJC_IMPLICIT_RETAIN_SELF = YES;
				CLANG_WARN_OBJC_LITERAL_CONVERSION = YES;
				CLANG_WARN_OBJC_ROOT_CLASS = YES_ERROR;
				CLANG_WARN_RANGE_LOOP_ANALYSIS = YES;
				CLANG_WARN_STRICT_PROTOTYPES = YES;
				CLANG_WARN_SUSPICIOUS_MOVE = YES;
				CLANG_WARN_UNGUARDED_AVAILABILITY = YES_AGGRESSIVE;
				CLANG_WARN_UNREACHABLE_CODE = YES;
				CLANG_WARN__DUPLICATE_METHOD_MATCH = YES;
				CODE_SIGN_IDENTITY = "iPhone Developer";
				COPY_PHASE_STRIP = NO;
				DEBUG_INFORMATION_FORMAT = dwarf;
				ENABLE_STRICT_OBJC_MSGSEND = YES;
				ENABLE_TESTABILITY = YES;
				GCC_C_LANGUAGE_STANDARD = gnu11;
				GCC_DYNAMIC_NO_PIC = NO;
				GCC_NO_COMMON_BLOCKS = YES;
				GCC_OPTIMIZATION_LEVEL = 0;
				GCC_PREPROCESSOR_DEFINITIONS = (
					"DEBUG=1",
					"$(inherited)",
				);
				GCC_WARN_64_TO_32_BIT_CONVERSION = YES;
				GCC_WARN_ABOUT_RETURN_TYPE = YES_ERROR;
				GCC_WARN_UNDECLARED_SELECTOR = YES;
				GCC_WARN_UNINITIALIZED_AUTOS = YES_AGGRESSIVE;
				GCC_WARN_UNUSED_FUNCTION = YES;
				GCC_WARN_UNUSED_VARIABLE = YES;
				IPHONEOS_DEPLOYMENT_TARGET = 12.0;
				MTL_ENABLE_DEBUG_INFO = INCLUDE_SOURCE;
				MTL_FAST_MATH = YES;
				ONLY_ACTIVE_ARCH = YES;
				SDKROOT = iphoneos;
			};
			name = Debug;
		};
		EF4943262169D639000FC378 /* Release */ = {
			isa = XCBuildConfiguration;
			buildSettings = {
				ALWAYS_SEARCH_USER_PATHS = NO;
				CLANG_ANALYZER_NONNULL = YES;
				CLANG_ANALYZER_NUMBER_OBJECT_CONVERSION = YES_AGGRESSIVE;
				CLANG_CXX_LANGUAGE_STANDARD = "gnu++14";
				CLANG_CXX_LIBRARY = "libc++";
				CLANG_ENABLE_MODULES = YES;
				CLANG_ENABLE_OBJC_ARC = YES;
				CLANG_ENABLE_OBJC_WEAK = YES;
				CLANG_WARN_BLOCK_CAPTURE_AUTORELEASING = YES;
				CLANG_WARN_BOOL_CONVERSION = YES;
				CLANG_WARN_COMMA = YES;
				CLANG_WARN_CONSTANT_CONVERSION = YES;
				CLANG_WARN_DEPRECATED_OBJC_IMPLEMENTATIONS = YES;
				CLANG_WARN_DIRECT_OBJC_ISA_USAGE = YES_ERROR;
				CLANG_WARN_DOCUMENTATION_COMMENTS = YES;
				CLANG_WARN_EMPTY_BODY = YES;
				CLANG_WARN_ENUM_CONVERSION = YES;
				CLANG_WARN_INFINITE_RECURSION = YES;
				CLANG_WARN_INT_CONVERSION = YES;
				CLANG_WARN_NON_LITERAL_NULL_CONVERSION = YES;
				CLANG_WARN_OBJC_IMPLICIT_RETAIN_SELF = YES;
				CLANG_WARN_OBJC_LITERAL_CONVERSION = YES;
				CLANG_WARN_OBJC_ROOT_CLASS = YES_ERROR;
				CLANG_WARN_RANGE_LOOP_ANALYSIS = YES;
				CLANG_WARN_STRICT_PROTOTYPES = YES;
				CLANG_WARN_SUSPICIOUS_MOVE = YES;
				CLANG_WARN_UNGUARDED_AVAILABILITY = YES_AGGRESSIVE;
				CLANG_WARN_UNREACHABLE_CODE = YES;
				CLANG_WARN__DUPLICATE_METHOD_MATCH = YES;
				CODE_SIGN_IDENTITY = "iPhone Developer";
				COPY_PHASE_STRIP = NO;
				DEBUG_INFORMATION_FORMAT = "dwarf-with-dsym";
				ENABLE_NS_ASSERTIONS = NO;
				ENABLE_STRICT_OBJC_MSGSEND = YES;
				GCC_C_LANGUAGE_STANDARD = gnu11;
				GCC_NO_COMMON_BLOCKS = YES;
				GCC_WARN_64_TO_32_BIT_CONVERSION = YES;
				GCC_WARN_ABOUT_RETURN_TYPE = YES_ERROR;
				GCC_WARN_UNDECLARED_SELECTOR = YES;
				GCC_WARN_UNINITIALIZED_AUTOS = YES_AGGRESSIVE;
				GCC_WARN_UNUSED_FUNCTION = YES;
				GCC_WARN_UNUSED_VARIABLE = YES;
				IPHONEOS_DEPLOYMENT_TARGET = 12.0;
				MTL_ENABLE_DEBUG_INFO = NO;
				MTL_FAST_MATH = YES;
				SDKROOT = iphoneos;
				VALIDATE_PRODUCT = YES;
			};
			name = Release;
		};
		EF4943282169D639000FC378 /* Debug */ = {
			isa = XCBuildConfiguration;
			buildSettings = {
				ASSETCATALOG_COMPILER_APPICON_NAME = AppIcon;
				CODE_SIGN_STYLE = Automatic;
				DEVELOPMENT_TEAM = 64SMH392EJ;
				INFOPLIST_FILE = iOSRecorderWithVUMeter/Info.plist;
				LD_RUNPATH_SEARCH_PATHS = (
					"$(inherited)",
					"@executable_path/Frameworks",
				);
				PRODUCT_BUNDLE_IDENTIFIER = personal.iOSRecorderWithVUMeter;
				PRODUCT_NAME = "$(TARGET_NAME)";
				TARGETED_DEVICE_FAMILY = "1,2";
			};
			name = Debug;
		};
		EF4943292169D639000FC378 /* Release */ = {
			isa = XCBuildConfiguration;
			buildSettings = {
				ASSETCATALOG_COMPILER_APPICON_NAME = AppIcon;
				CODE_SIGN_STYLE = Automatic;
				DEVELOPMENT_TEAM = 64SMH392EJ;
				INFOPLIST_FILE = iOSRecorderWithVUMeter/Info.plist;
				LD_RUNPATH_SEARCH_PATHS = (
					"$(inherited)",
					"@executable_path/Frameworks",
				);
				PRODUCT_BUNDLE_IDENTIFIER = personal.iOSRecorderWithVUMeter;
				PRODUCT_NAME = "$(TARGET_NAME)";
				TARGETED_DEVICE_FAMILY = "1,2";
			};
			name = Release;
		};
/* End XCBuildConfiguration section */

/* Begin XCConfigurationList section */
		EF49430C2169D638000FC378 /* Build configuration list for PBXProject "iOSRecorderWithVUMeter" */ = {
			isa = XCConfigurationList;
			buildConfigurations = (
				EF4943252169D639000FC378 /* Debug */,
				EF4943262169D639000FC378 /* Release */,
			);
			defaultConfigurationIsVisible = 0;
			defaultConfigurationName = Release;
		};
		EF4943272169D639000FC378 /* Build configuration list for PBXNativeTarget "iOSRecorderWithVUMeter" */ = {
			isa = XCConfigurationList;
			buildConfigurations = (
				EF4943282169D639000FC378 /* Debug */,
				EF4943292169D639000FC378 /* Release */,
			);
			defaultConfigurationIsVisible = 0;
			defaultConfigurationName = Release;
		};
/* End XCConfigurationList section */
	};
	rootObject = EF4943092169D638000FC378 /* Project object */;
}
